{
    "_meta": {
        "hash": {
            "sha256": "0ef39d59cffca28b57e21ade5b82be462595f9137e237eb7f69a37b1eb2547df"
        },
        "pipfile-spec": 6,
        "requires": {
            "python_version": "3.10"
        },
        "sources": [
            {
                "name": "pypi",
                "url": "https://pypi.org/simple",
                "verify_ssl": true
            }
        ]
    },
    "default": {
        "porter2stemmer": {
            "hashes": [
                "sha256:561b2537767a086e3bd33558e8f3cd4cb60ee2b0240c4c06eb98754601db34dd",
                "sha256:ba478ad6550258a1fd8e102e554387dd9ac73f73059483eefee98211f0ad5244"
            ],
            "index": "pypi",
            "version": "==1.0"
        }
    },
    "develop": {}
}
